{
  "name": "ai-advisor",
  "version": "0.1.0",
  "lockfileVersion": 3,
  "requires": true,
  "packages": {
    "": {
      "name": "ai-advisor",
      "version": "0.1.0",
      "devDependencies": {
        "@cloudflare/workers-types": "^5.20260926.1"
      }
    },
    "node_modules/@cloudflare/workers-types": {
      "version": "5.20260926.1",
      "resolved": "https://registry.npmjs.org/@cloudflare/workers-types/-/workers-types-5.20260926.1.tgz",
      "integrity": "sha512-jLtwSjBFtXucrEIj584vNk/k9OwgW4ij7/nK40hnCw137/0ilqfkTlYIUTWlTEbUX2V/+XVBijzZha9spdQTUw==",
      "dev": true,
      "license": "MIT OR Apache-2.0"
    }
  }
}
